dependencies:
  espressif/cbor:
    component_hash: 37b68b0730fb9a0b71334e4cc41b7de443fc2069152fdedcfe63dac8eb94a73a
    dependencies:
    - name: idf
      require: private
      version: '>=5.0'
    source:
      registry_url: https://components.espressif.com/
      type: service
    version: 0.6.1~3
  idf:
    source:
      type: idf
    version: 5.5.1
  protocol_examples_common:
    dependencies: []
    source:
      path: /home/noor/esp/v5.5.1/esp-idf/examples/common_components/protocol_examples_common
      type: local
    version: '*'
  spotflow:
    component_hash: 830fef9f79db5f0f4beb15084565b8fef376afd9b632704a44674f9a09dec45f
    dependencies:
    - name: idf
      version: '>=5.0'
    - name: espressif/cbor
      version: ^0.6.1~3
    source:
      git: https://github.com/noorhaq/device-sdk.git
      path: esp_idf/spotflow
      type: git
    version: 815e1b663813816db8a6c342a1ae81fb9d02635b
direct_dependencies:
- protocol_examples_common
- spotflow
manifest_hash: c21d2d9240c37ac7d6cb53190cd2ca257b3df7079fb4ae8bba5ed26bc55f4410
target: esp32
version: 2.0.0
